// !$*UTF8*$!
{
	archiveVersion = 1;
	classes = {
	};
	objectVersion = 56;
	objects = {

/* Begin PBXBuildFile section */
		D04FBA182AE6969B00481D87 /* AppDelegate.swift in Sources */ = {isa = PBXBuildFile; fileRef = D04FBA172AE6969B00481D87 /* AppDelegate.swift */; };
		D04FBA1A2AE6969B00481D87 /* SceneDelegate.swift in Sources */ = {isa = PBXBuildFile; fileRef = D04FBA192AE6969B00481D87 /* SceneDelegate.swift */; };
		D04FBA1C2AE6969B00481D87 /* WeatherViewController.swift in Sources */ = {isa = PBXBuildFile; fileRef = D04FBA1B2AE6969B00481D87 /* WeatherViewController.swift */; };
		D04FBA1F2AE6969B00481D87 /* Main.storyboard in Resources */ = {isa = PBXBuildFile; fileRef = D04FBA1D2AE6969B00481D87 /* Main.storyboard */; };
		D04FBA212AE6969C00481D87 /* Assets.xcassets in Resources */ = {isa = PBXBuildFile; fileRef = D04FBA202AE6969C00481D87 /* Assets.xcassets */; };
		D04FBA242AE6969C00481D87 /* LaunchScreen.storyboard in Resources */ = {isa = PBXBuildFile; fileRef = D04FBA222AE6969C00481D87 /* LaunchScreen.storyboard */; };
		D04FBA2C2AE6974800481D87 /* Forecast.swift in Sources */ = {isa = PBXBuildFile; fileRef = D04FBA2B2AE6974800481D87 /* Forecast.swift */; };
		D04FBA2E2AE6976D00481D87 /* CurrentWeather.swift in Sources */ = {isa = PBXBuildFile; fileRef = D04FBA2D2AE6976D00481D87 /* CurrentWeather.swift */; };
		D04FBA312AE697C700481D87 /* OWError.swift in Sources */ = {isa = PBXBuildFile; fileRef = D04FBA302AE697C700481D87 /* OWError.swift */; };
		D04FBA332AE697EC00481D87 /* ForecastViewModel.swift in Sources */ = {isa = PBXBuildFile; fileRef = D04FBA322AE697EC00481D87 /* ForecastViewModel.swift */; };
		D04FBA352AE6982C00481D87 /* WeatherViewModel.swift in Sources */ = {isa = PBXBuildFile; fileRef = D04FBA342AE6982C00481D87 /* WeatherViewModel.swift */; };
		D04FBA382AE6987F00481D87 /* ForecastCell.swift in Sources */ = {isa = PBXBuildFile; fileRef = D04FBA372AE6987F00481D87 /* ForecastCell.swift */; };
		D04FBA3A2AE698AF00481D87 /* ForecastCell.xib in Resources */ = {isa = PBXBuildFile; fileRef = D04FBA392AE698AF00481D87 /* ForecastCell.xib */; };
		D04FBA3C2AE69ADA00481D87 /* UIImageView+Extension.swift in Sources */ = {isa = PBXBuildFile; fileRef = D04FBA3B2AE69ADA00481D87 /* UIImageView+Extension.swift */; };
		D04FBA432AE6A9A900481D87 /* OWEndpoint.swift in Sources */ = {isa = PBXBuildFile; fileRef = D04FBA422AE6A9A900481D87 /* OWEndpoint.swift */; };
		D04FBA452AE6BE2D00481D87 /* OWClient.swift in Sources */ = {isa = PBXBuildFile; fileRef = D04FBA442AE6BE2D00481D87 /* OWClient.swift */; };
		D04FBA482AE6C78800481D87 /* CurrentWeatherView.swift in Sources */ = {isa = PBXBuildFile; fileRef = D04FBA472AE6C78800481D87 /* CurrentWeatherView.swift */; };
		D0B5E95E2AE817B300E0ECD4 /* ForecastData.json in Resources */ = {isa = PBXBuildFile; fileRef = D0B5E95D2AE817B300E0ECD4 /* ForecastData.json */; };
		D0B5E9662AE8191100E0ECD4 /* ForecastTests.swift in Sources */ = {isa = PBXBuildFile; fileRef = D0B5E9652AE8191100E0ECD4 /* ForecastTests.swift */; };
		D0B5E96C2AE8191C00E0ECD4 /* WeatherViewModelTests.swift in Sources */ = {isa = PBXBuildFile; fileRef = D0B5E95B2AE8179C00E0ECD4 /* WeatherViewModelTests.swift */; };
		D0B5E96E2AE81E9B00E0ECD4 /* CurrentWeatherData.json in Resources */ = {isa = PBXBuildFile; fileRef = D0B5E96D2AE81E9B00E0ECD4 /* CurrentWeatherData.json */; };
		D0B5E96F2AE820DB00E0ECD4 /* CurrentWeatherData.json in Resources */ = {isa = PBXBuildFile; fileRef = D0B5E96D2AE81E9B00E0ECD4 /* CurrentWeatherData.json */; };
		D0B5E9702AE820DE00E0ECD4 /* ForecastData.json in Resources */ = {isa = PBXBuildFile; fileRef = D0B5E95D2AE817B300E0ECD4 /* ForecastData.json */; };
/* End PBXBuildFile section */

/* Begin PBXContainerItemProxy section */
		D0B5E9672AE8191100E0ECD4 /* PBXContainerItemProxy */ = {
			isa = PBXContainerItemProxy;
			containerPortal = D04FBA0C2AE6969B00481D87 /* Project object */;
			proxyType = 1;
			remoteGlobalIDString = D04FBA132AE6969B00481D87;
			remoteInfo = Forecast;
		};
/* End PBXContainerItemProxy section */

/* Begin PBXFileReference section */
		D04FBA142AE6969B00481D87 /* Forecast.app */ = {isa = PBXFileReference; explicitFileType = wrapper.application; includeInIndex = 0; path = Forecast.app; sourceTree = BUILT_PRODUCTS_DIR; };
		D04FBA172AE6969B00481D87 /* AppDelegate.swift */ = {isa = PBXFileReference; lastKnownFileType = sourcecode.swift; path = AppDelegate.swift; sourceTree = "<group>"; };
		D04FBA192AE6969B00481D87 /* SceneDelegate.swift */ = {isa = PBXFileReference; lastKnownFileType = sourcecode.swift; path = SceneDelegate.swift; sourceTree = "<group>"; };
		D04FBA1B2AE6969B00481D87 /* WeatherViewController.swift */ = {isa = PBXFileReference; lastKnownFileType = sourcecode.swift; path = WeatherViewController.swift; sourceTree = "<group>"; };
		D04FBA1E2AE6969B00481D87 /* Base */ = {isa = PBXFileReference; lastKnownFileType = file.storyboard; name = Base; path = Base.lproj/Main.storyboard; sourceTree = "<group>"; };
		D04FBA202AE6969C00481D87 /* Assets.xcassets */ = {isa = PBXFileReference; lastKnownFileType = folder.assetcatalog; path = Assets.xcassets; sourceTree = "<group>"; };
		D04FBA232AE6969C00481D87 /* Base */ = {isa = PBXFileReference; lastKnownFileType = file.storyboard; name = Base; path = Base.lproj/LaunchScreen.storyboard; sourceTree = "<group>"; };
		D04FBA252AE6969C00481D87 /* Info.plist */ = {isa = PBXFileReference; lastKnownFileType = text.plist.xml; path = Info.plist; sourceTree = "<group>"; };
		D04FBA2B2AE6974800481D87 /* Forecast.swift */ = {isa = PBXFileReference; lastKnownFileType = sourcecode.swift; path = Forecast.swift; sourceTree = "<group>"; };
		D04FBA2D2AE6976D00481D87 /* CurrentWeather.swift */ = {isa = PBXFileReference; lastKnownFileType = sourcecode.swift; path = CurrentWeather.swift; sourceTree = "<group>"; };
		D04FBA302AE697C700481D87 /* OWError.swift */ = {isa = PBXFileReference; lastKnownFileType = sourcecode.swift; path = OWError.swift; sourceTree = "<group>"; };
		D04FBA322AE697EC00481D87 /* ForecastViewModel.swift */ = {isa = PBXFileReference; lastKnownFileType = sourcecode.swift; path = ForecastViewModel.swift; sourceTree = "<group>"; };
		D04FBA342AE6982C00481D87 /* WeatherViewModel.swift */ = {isa = PBXFileReference; lastKnownFileType = sourcecode.swift; path = WeatherViewModel.swift; sourceTree = "<group>"; };
		D04FBA372AE6987F00481D87 /* ForecastCell.swift */ = {isa = PBXFileReference; lastKnownFileType = sourcecode.swift; path = ForecastCell.swift; sourceTree = "<group>"; };
		D04FBA392AE698AF00481D87 /* ForecastCell.xib */ = {isa = PBXFileReference; lastKnownFileType = file.xib; path = ForecastCell.xib; sourceTree = "<group>"; };
		D04FBA3B2AE69ADA00481D87 /* UIImageView+Extension.swift */ = {isa = PBXFileReference; lastKnownFileType = sourcecode.swift; path = "UIImageView+Extension.swift"; sourceTree = "<group>"; };
		D04FBA422AE6A9A900481D87 /* OWEndpoint.swift */ = {isa = PBXFileReference; lastKnownFileType = sourcecode.swift; path = OWEndpoint.swift; sourceTree = "<group>"; };
		D04FBA442AE6BE2D00481D87 /* OWClient.swift */ = {isa = PBXFileReference; lastKnownFileType = sourcecode.swift; path = OWClient.swift; sourceTree = "<group>"; };
		D04FBA472AE6C78800481D87 /* CurrentWeatherView.swift */ = {isa = PBXFileReference; lastKnownFileType = sourcecode.swift; path = CurrentWeatherView.swift; sourceTree = "<group>"; };
		D0B5E95A2AE7FF5F00E0ECD4 /* README.md */ = {isa = PBXFileReference; lastKnownFileType = net.daringfireball.markdown; path = README.md; sourceTree = "<group>"; };
		D0B5E95B2AE8179C00E0ECD4 /* WeatherViewModelTests.swift */ = {isa = PBXFileReference; lastKnownFileType = sourcecode.swift; path = WeatherViewModelTests.swift; sourceTree = "<group>"; };
		D0B5E95D2AE817B300E0ECD4 /* ForecastData.json */ = {isa = PBXFileReference; fileEncoding = 4; lastKnownFileType = text.json; path = ForecastData.json; sourceTree = "<group>"; };
		D0B5E9632AE8191100E0ECD4 /* ForecastTests.xctest */ = {isa = PBXFileReference; explicitFileType = wrapper.cfbundle; includeInIndex = 0; path = ForecastTests.xctest; sourceTree = BUILT_PRODUCTS_DIR; };
		D0B5E9652AE8191100E0ECD4 /* ForecastTests.swift */ = {isa = PBXFileReference; lastKnownFileType = sourcecode.swift; path = ForecastTests.swift; sourceTree = "<group>"; };
		D0B5E96D2AE81E9B00E0ECD4 /* CurrentWeatherData.json */ = {isa = PBXFileReference; fileEncoding = 4; lastKnownFileType = text.json; path = CurrentWeatherData.json; sourceTree = "<group>"; };
/* End PBXFileReference section */

/* Begin PBXFrameworksBuildPhase section */
		D04FBA112AE6969B00481D87 /* Frameworks */ = {
			isa = PBXFrameworksBuildPhase;
			buildActionMask = 2147483647;
			files = (
			);
			runOnlyForDeploymentPostprocessing = 0;
		};
		D0B5E9602AE8191100E0ECD4 /* Frameworks */ = {
			isa = PBXFrameworksBuildPhase;
			buildActionMask = 2147483647;
			files = (
			);
			runOnlyForDeploymentPostprocessing = 0;
		};
/* End PBXFrameworksBuildPhase section */

/* Begin PBXGroup section */
		D04FBA0B2AE6969B00481D87 = {
			isa = PBXGroup;
			children = (
				D0B5E95A2AE7FF5F00E0ECD4 /* README.md */,
				D04FBA162AE6969B00481D87 /* Forecast */,
				D0B5E9642AE8191100E0ECD4 /* ForecastTests */,
				D04FBA152AE6969B00481D87 /* Products */,
			);
			sourceTree = "<group>";
		};
		D04FBA152AE6969B00481D87 /* Products */ = {
			isa = PBXGroup;
			children = (
				D04FBA142AE6969B00481D87 /* Forecast.app */,
				D0B5E9632AE8191100E0ECD4 /* ForecastTests.xctest */,
			);
			name = Products;
			sourceTree = "<group>";
		};
		D04FBA162AE6969B00481D87 /* Forecast */ = {
			isa = PBXGroup;
			children = (
				D04FBA172AE6969B00481D87 /* AppDelegate.swift */,
				D04FBA192AE6969B00481D87 /* SceneDelegate.swift */,
				D04FBA1B2AE6969B00481D87 /* WeatherViewController.swift */,
				D04FBA3D2AE69E4000481D87 /* Views */,
				D04FBA362AE6984400481D87 /* ViewModel */,
				D04FBA462AE6BE4E00481D87 /* Networking */,
				D04FBA2F2AE6977F00481D87 /* Model */,
				D04FBA1D2AE6969B00481D87 /* Main.storyboard */,
				D04FBA3B2AE69ADA00481D87 /* UIImageView+Extension.swift */,
				D04FBA202AE6969C00481D87 /* Assets.xcassets */,
				D04FBA222AE6969C00481D87 /* LaunchScreen.storyboard */,
				D04FBA252AE6969C00481D87 /* Info.plist */,
			);
			path = Forecast;
			sourceTree = "<group>";
		};
		D04FBA2F2AE6977F00481D87 /* Model */ = {
			isa = PBXGroup;
			children = (
				D04FBA2B2AE6974800481D87 /* Forecast.swift */,
				D04FBA2D2AE6976D00481D87 /* CurrentWeather.swift */,
			);
			path = Model;
			sourceTree = "<group>";
		};
		D04FBA362AE6984400481D87 /* ViewModel */ = {
			isa = PBXGroup;
			children = (
				D04FBA342AE6982C00481D87 /* WeatherViewModel.swift */,
				D04FBA322AE697EC00481D87 /* ForecastViewModel.swift */,
			);
			path = ViewModel;
			sourceTree = "<group>";
		};
		D04FBA3D2AE69E4000481D87 /* Views */ = {
			isa = PBXGroup;
			children = (
				D04FBA472AE6C78800481D87 /* CurrentWeatherView.swift */,
				D04FBA372AE6987F00481D87 /* ForecastCell.swift */,
				D04FBA392AE698AF00481D87 /* ForecastCell.xib */,
			);
			path = Views;
			sourceTree = "<group>";
		};
		D04FBA462AE6BE4E00481D87 /* Networking */ = {
			isa = PBXGroup;
			children = (
				D04FBA442AE6BE2D00481D87 /* OWClient.swift */,
				D04FBA422AE6A9A900481D87 /* OWEndpoint.swift */,
				D04FBA302AE697C700481D87 /* OWError.swift */,
			);
			path = Networking;
			sourceTree = "<group>";
		};
		D0B5E9642AE8191100E0ECD4 /* ForecastTests */ = {
			isa = PBXGroup;
			children = (
				D0B5E9652AE8191100E0ECD4 /* ForecastTests.swift */,
				D0B5E95B2AE8179C00E0ECD4 /* WeatherViewModelTests.swift */,
				D0B5E95D2AE817B300E0ECD4 /* ForecastData.json */,
				D0B5E96D2AE81E9B00E0ECD4 /* CurrentWeatherData.json */,
			);
			path = ForecastTests;
			sourceTree = "<group>";
		};
/* End PBXGroup section */

/* Begin PBXNativeTarget section */
		D04FBA132AE6969B00481D87 /* Forecast */ = {
			isa = PBXNativeTarget;
			buildConfigurationList = D04FBA282AE6969C00481D87 /* Build configuration list for PBXNativeTarget "Forecast" */;
			buildPhases = (
				D04FBA102AE6969B00481D87 /* Sources */,
				D04FBA112AE6969B00481D87 /* Frameworks */,
				D04FBA122AE6969B00481D87 /* Resources */,
			);
			buildRules = (
			);
			dependencies = (
			);
			name = Forecast;
			productName = Forecast;
			productReference = D04FBA142AE6969B00481D87 /* Forecast.app */;
			productType = "com.apple.product-type.application";
		};
		D0B5E9622AE8191100E0ECD4 /* ForecastTests */ = {
			isa = PBXNativeTarget;
			buildConfigurationList = D0B5E9692AE8191100E0ECD4 /* Build configuration list for PBXNativeTarget "ForecastTests" */;
			buildPhases = (
				D0B5E95F2AE8191100E0ECD4 /* Sources */,
				D0B5E9602AE8191100E0ECD4 /* Frameworks */,
				D0B5E9612AE8191100E0ECD4 /* Resources */,
			);
			buildRules = (
			);
			dependencies = (
				D0B5E9682AE8191100E0ECD4 /* PBXTargetDependency */,
			);
			name = ForecastTests;
			productName = ForecastTests;
			productReference = D0B5E9632AE8191100E0ECD4 /* ForecastTests.xctest */;
			productType = "com.apple.product-type.bundle.unit-test";
		};
/* End PBXNativeTarget section */

/* Begin PBXProject section */
		D04FBA0C2AE6969B00481D87 /* Project object */ = {
			isa = PBXProject;
			attributes = {
				BuildIndependentTargetsInParallel = 1;
				LastSwiftUpdateCheck = 1500;
				LastUpgradeCheck = 1500;
				TargetAttributes = {
					D04FBA132AE6969B00481D87 = {
						CreatedOnToolsVersion = 15.0.1;
					};
					D0B5E9622AE8191100E0ECD4 = {
						CreatedOnToolsVersion = 15.0.1;
						TestTargetID = D04FBA132AE6969B00481D87;
					};
				};
			};
			buildConfigurationList = D04FBA0F2AE6969B00481D87 /* Build configuration list for PBXProject "Forecast" */;
			compatibilityVersion = "Xcode 14.0";
			developmentRegion = en;
			hasScannedForEncodings = 0;
			knownRegions = (
				en,
				Base,
			);
			mainGroup = D04FBA0B2AE6969B00481D87;
			productRefGroup = D04FBA152AE6969B00481D87 /* Products */;
			projectDirPath = "";
			projectRoot = "";
			targets = (
				D04FBA132AE6969B00481D87 /* Forecast */,
				D0B5E9622AE8191100E0ECD4 /* ForecastTests */,
			);
		};
/* End PBXProject section */

/* Begin PBXResourcesBuildPhase section */
		D04FBA122AE6969B00481D87 /* Resources */ = {
			isa = PBXResourcesBuildPhase;
			buildActionMask = 2147483647;
			files = (
				D0B5E96F2AE820DB00E0ECD4 /* CurrentWeatherData.json in Resources */,
				D04FBA3A2AE698AF00481D87 /* ForecastCell.xib in Resources */,
				D04FBA242AE6969C00481D87 /* LaunchScreen.storyboard in Resources */,
				D04FBA212AE6969C00481D87 /* Assets.xcassets in Resources */,
				D04FBA1F2AE6969B00481D87 /* Main.storyboard in Resources */,
				D0B5E95E2AE817B300E0ECD4 /* ForecastData.json in Resources */,
			);
			runOnlyForDeploymentPostprocessing = 0;
		};
		D0B5E9612AE8191100E0ECD4 /* Resources */ = {
			isa = PBXResourcesBuildPhase;
			buildActionMask = 2147483647;
			files = (
				D0B5E9702AE820DE00E0ECD4 /* ForecastData.json in Resources */,
				D0B5E96E2AE81E9B00E0ECD4 /* CurrentWeatherData.json in Resources */,
			);
			runOnlyForDeploymentPostprocessing = 0;
		};
/* End PBXResourcesBuildPhase section */

/* Begin PBXSourcesBuildPhase section */
		D04FBA102AE6969B00481D87 /* Sources */ = {
			isa = PBXSourcesBuildPhase;
			buildActionMask = 2147483647;
			files = (
				D04FBA3C2AE69ADA00481D87 /* UIImageView+Extension.swift in Sources */,
				D04FBA2C2AE6974800481D87 /* Forecast.swift in Sources */,
				D04FBA312AE697C700481D87 /* OWError.swift in Sources */,
				D04FBA2E2AE6976D00481D87 /* CurrentWeather.swift in Sources */,
				D04FBA332AE697EC00481D87 /* ForecastViewModel.swift in Sources */,
				D04FBA432AE6A9A900481D87 /* OWEndpoint.swift in Sources */,
				D04FBA382AE6987F00481D87 /* ForecastCell.swift in Sources */,
				D04FBA1C2AE6969B00481D87 /* WeatherViewController.swift in Sources */,
				D04FBA482AE6C78800481D87 /* CurrentWeatherView.swift in Sources */,
				D04FBA182AE6969B00481D87 /* AppDelegate.swift in Sources */,
				D04FBA1A2AE6969B00481D87 /* SceneDelegate.swift in Sources */,
				D04FBA452AE6BE2D00481D87 /* OWClient.swift in Sources */,
				D04FBA352AE6982C00481D87 /* WeatherViewModel.swift in Sources */,
			);
			runOnlyForDeploymentPostprocessing = 0;
		};
		D0B5E95F2AE8191100E0ECD4 /* Sources */ = {
			isa = PBXSourcesBuildPhase;
			buildActionMask = 2147483647;
			files = (
				D0B5E9662AE8191100E0ECD4 /* ForecastTests.swift in Sources */,
				D0B5E96C2AE8191C00E0ECD4 /* WeatherViewModelTests.swift in Sources */,
			);
			runOnlyForDeploymentPostprocessing = 0;
		};
/* End PBXSourcesBuildPhase section */

/* Begin PBXTargetDependency section */
		D0B5E9682AE8191100E0ECD4 /* PBXTargetDependency */ = {
			isa = PBXTargetDependency;
			target = D04FBA132AE6969B00481D87 /* Forecast */;
			targetProxy = D0B5E9672AE8191100E0ECD4 /* PBXContainerItemProxy */;
		};
/* End PBXTargetDependency section */

/* Begin PBXVariantGroup section */
		D04FBA1D2AE6969B00481D87 /* Main.storyboard */ = {
			isa = PBXVariantGroup;
			children = (
				D04FBA1E2AE6969B00481D87 /* Base */,
			);
			name = Main.storyboard;
			sourceTree = "<group>";
		};
		D04FBA222AE6969C00481D87 /* LaunchScreen.storyboard */ = {
			isa = PBXVariantGroup;
			children = (
				D04FBA232AE6969C00481D87 /* Base */,
			);
			name = LaunchScreen.storyboard;
			sourceTree = "<group>";
		};
/* End PBXVariantGroup section */

/* Begin XCBuildConfiguration section */
		D04FBA262AE6969C00481D87 /* Debug */ = {
			isa = XCBuildConfiguration;
			buildSettings = {
				ALWAYS_SEARCH_USER_PATHS = NO;
				ASSETCATALOG_COMPILER_GENERATE_SWIFT_ASSET_SYMBOL_EXTENSIONS = YES;
				CLANG_ANALYZER_NONNULL = YES;
				CLANG_ANALYZER_NUMBER_OBJECT_CONVERSION = YES_AGGRESSIVE;
				CLANG_CXX_LANGUAGE_STANDARD = "gnu++20";
				CLANG_ENABLE_MODULES = YES;
				CLANG_ENABLE_OBJC_ARC = YES;
				CLANG_ENABLE_OBJC_WEAK = YES;
				CLANG_WARN_BLOCK_CAPTURE_AUTORELEASING = YES;
				CLANG_WARN_BOOL_CONVERSION = YES;
				CLANG_WARN_COMMA = YES;
				CLANG_WARN_CONSTANT_CONVERSION = YES;
				CLANG_WARN_DEPRECATED_OBJC_IMPLEMENTATIONS = YES;
				CLANG_WARN_DIRECT_OBJC_ISA_USAGE = YES_ERROR;
				CLANG_WARN_DOCUMENTATION_COMMENTS = YES;
				CLANG_WARN_EMPTY_BODY = YES;
				CLANG_WARN_ENUM_CONVERSION = YES;
				CLANG_WARN_INFINITE_RECURSION = YES;
				CLANG_WARN_INT_CONVERSION = YES;
				CLANG_WARN_NON_LITERAL_NULL_CONVERSION = YES;
				CLANG_WARN_OBJC_IMPLICIT_RETAIN_SELF = YES;
				CLANG_WARN_OBJC_LITERAL_CONVERSION = YES;
				CLANG_WARN_OBJC_ROOT_CLASS = YES_ERROR;
				CLANG_WARN_QUOTED_INCLUDE_IN_FRAMEWORK_HEADER = YES;
				CLANG_WARN_RANGE_LOOP_ANALYSIS = YES;
				CLANG_WARN_STRICT_PROTOTYPES = YES;
				CLANG_WARN_SUSPICIOUS_MOVE = YES;
				CLANG_WARN_UNGUARDED_AVAILABILITY = YES_AGGRESSIVE;
				CLANG_WARN_UNREACHABLE_CODE = YES;
				CLANG_WARN__DUPLICATE_METHOD_MATCH = YES;
				COPY_PHASE_STRIP = NO;
				DEBUG_INFORMATION_FORMAT = dwarf;
				ENABLE_STRICT_OBJC_MSGSEND = YES;
				ENABLE_TESTABILITY = YES;
				ENABLE_USER_SCRIPT_SANDBOXING = YES;
				GCC_C_LANGUAGE_STANDARD = gnu17;
				GCC_DYNAMIC_NO_PIC = NO;
				GCC_NO_COMMON_BLOCKS = YES;
				GCC_OPTIMIZATION_LEVEL = 0;
				GCC_PREPROCESSOR_DEFINITIONS = (
					"DEBUG=1",
					"$(inherited)",
				);
				GCC_WARN_64_TO_32_BIT_CONVERSION = YES;
				GCC_WARN_ABOUT_RETURN_TYPE = YES_ERROR;
				GCC_WARN_UNDECLARED_SELECTOR = YES;
				GCC_WARN_UNINITIALIZED_AUTOS = YES_AGGRESSIVE;
				GCC_WARN_UNUSED_FUNCTION = YES;
				GCC_WARN_UNUSED_VARIABLE = YES;
				IPHONEOS_DEPLOYMENT_TARGET = 17.0;
				LOCALIZATION_PREFERS_STRING_CATALOGS = YES;
				MTL_ENABLE_DEBUG_INFO = INCLUDE_SOURCE;
				MTL_FAST_MATH = YES;
				ONLY_ACTIVE_ARCH = YES;
				SDKROOT = iphoneos;
				SWIFT_ACTIVE_COMPILATION_CONDITIONS = "DEBUG $(inherited)";
				SWIFT_OPTIMIZATION_LEVEL = "-Onone";
			};
			name = Debug;
		};
		D04FBA272AE6969C00481D87 /* Release */ = {
			isa = XCBuildConfiguration;
			buildSettings = {
				ALWAYS_SEARCH_USER_PATHS = NO;
				ASSETCATALOG_COMPILER_GENERATE_SWIFT_ASSET_SYMBOL_EXTENSIONS = YES;
				CLANG_ANALYZER_NONNULL = YES;
				CLANG_ANALYZER_NUMBER_OBJECT_CONVERSION = YES_AGGRESSIVE;
				CLANG_CXX_LANGUAGE_STANDARD = "gnu++20";
				CLANG_ENABLE_MODULES = YES;
				CLANG_ENABLE_OBJC_ARC = YES;
				CLANG_ENABLE_OBJC_WEAK = YES;
				CLANG_WARN_BLOCK_CAPTURE_AUTORELEASING = YES;
				CLANG_WARN_BOOL_CONVERSION = YES;
				CLANG_WARN_COMMA = YES;
				CLANG_WARN_CONSTANT_CONVERSION = YES;
				CLANG_WARN_DEPRECATED_OBJC_IMPLEMENTATIONS = YES;
				CLANG_WARN_DIRECT_OBJC_ISA_USAGE = YES_ERROR;
				CLANG_WARN_DOCUMENTATION_COMMENTS = YES;
				CLANG_WARN_EMPTY_BODY = YES;
				CLANG_WARN_ENUM_CONVERSION = YES;
				CLANG_WARN_INFINITE_RECURSION = YES;
				CLANG_WARN_INT_CONVERSION = YES;
				CLANG_WARN_NON_LITERAL_NULL_CONVERSION = YES;
				CLANG_WARN_OBJC_IMPLICIT_RETAIN_SELF = YES;
				CLANG_WARN_OBJC_LITERAL_CONVERSION = YES;
				CLANG_WARN_OBJC_ROOT_CLASS = YES_ERROR;
				CLANG_WARN_QUOTED_INCLUDE_IN_FRAMEWORK_HEADER = YES;
				CLANG_WARN_RANGE_LOOP_ANALYSIS = YES;
				CLANG_WARN_STRICT_PROTOTYPES = YES;
				CLANG_WARN_SUSPICIOUS_MOVE = YES;
				CLANG_WARN_UNGUARDED_AVAILABILITY = YES_AGGRESSIVE;
				CLANG_WARN_UNREACHABLE_CODE = YES;
				CLANG_WARN__DUPLICATE_METHOD_MATCH = YES;
				COPY_PHASE_STRIP = NO;
				DEBUG_INFORMATION_FORMAT = "dwarf-with-dsym";
				ENABLE_NS_ASSERTIONS = NO;
				ENABLE_STRICT_OBJC_MSGSEND = YES;
				ENABLE_USER_SCRIPT_SANDBOXING = YES;
				GCC_C_LANGUAGE_STANDARD = gnu17;
				GCC_NO_COMMON_BLOCKS = YES;
				GCC_WARN_64_TO_32_BIT_CONVERSION = YES;
				GCC_WARN_ABOUT_RETURN_TYPE = YES_ERROR;
				GCC_WARN_UNDECLARED_SELECTOR = YES;
				GCC_WARN_UNINITIALIZED_AUTOS = YES_AGGRESSIVE;
				GCC_WARN_UNUSED_FUNCTION = YES;
				GCC_WARN_UNUSED_VARIABLE = YES;
				IPHONEOS_DEPLOYMENT_TARGET = 17.0;
				LOCALIZATION_PREFERS_STRING_CATALOGS = YES;
				MTL_ENABLE_DEBUG_INFO = NO;
				MTL_FAST_MATH = YES;
				SDKROOT = iphoneos;
				SWIFT_COMPILATION_MODE = wholemodule;
				VALIDATE_PRODUCT = YES;
			};
			name = Release;
		};
		D04FBA292AE6969C00481D87 /* Debug */ = {
			isa = XCBuildConfiguration;
			buildSettings = {
				ASSETCATALOG_COMPILER_APPICON_NAME = AppIcon;
				ASSETCATALOG_COMPILER_GLOBAL_ACCENT_COLOR_NAME = AccentColor;
				CODE_SIGN_STYLE = Automatic;
				CURRENT_PROJECT_VERSION = 1;
				DEVELOPMENT_TEAM = L282C3DF98;
				GENERATE_INFOPLIST_FILE = YES;
				INFOPLIST_FILE = Forecast/Info.plist;
				INFOPLIST_KEY_UIApplicationSupportsIndirectInputEvents = YES;
				INFOPLIST_KEY_UILaunchStoryboardName = LaunchScreen;
				INFOPLIST_KEY_UIMainStoryboardFile = Main;
				INFOPLIST_KEY_UISupportedInterfaceOrientations_iPad = "UIInterfaceOrientationPortrait UIInterfaceOrientationPortraitUpsideDown UIInterfaceOrientationLandscapeLeft UIInterfaceOrientationLandscapeRight";
				INFOPLIST_KEY_UISupportedInterfaceOrientations_iPhone = "UIInterfaceOrientationPortrait UIInterfaceOrientationLandscapeLeft UIInterfaceOrientationLandscapeRight";
				LD_RUNPATH_SEARCH_PATHS = (
					"$(inherited)",
					"@executable_path/Frameworks",
				);
				MARKETING_VERSION = 1.0;
				PRODUCT_BUNDLE_IDENTIFIER = com.objectivechris.Forecast;
				PRODUCT_NAME = "$(TARGET_NAME)";
				SWIFT_EMIT_LOC_STRINGS = YES;
				SWIFT_VERSION = 5.0;
				TARGETED_DEVICE_FAMILY = "1,2";
			};
			name = Debug;
		};
		D04FBA2A2AE6969C00481D87 /* Release */ = {
			isa = XCBuildConfiguration;
			buildSettings = {
				ASSETCATALOG_COMPILER_APPICON_NAME = AppIcon;
				ASSETCATALOG_COMPILER_GLOBAL_ACCENT_COLOR_NAME = AccentColor;
				CODE_SIGN_STYLE = Automatic;
				CURRENT_PROJECT_VERSION = 1;
				DEVELOPMENT_TEAM = L282C3DF98;
				GENERATE_INFOPLIST_FILE = YES;
				INFOPLIST_FILE = Forecast/Info.plist;
				INFOPLIST_KEY_UIApplicationSupportsIndirectInputEvents = YES;
				INFOPLIST_KEY_UILaunchStoryboardName = LaunchScreen;
				INFOPLIST_KEY_UIMainStoryboardFile = Main;
				INFOPLIST_KEY_UISupportedInterfaceOrientations_iPad = "UIInterfaceOrientationPortrait UIInterfaceOrientationPortraitUpsideDown UIInterfaceOrientationLandscapeLeft UIInterfaceOrientationLandscapeRight";
				INFOPLIST_KEY_UISupportedInterfaceOrientations_iPhone = "UIInterfaceOrientationPortrait UIInterfaceOrientationLandscapeLeft UIInterfaceOrientationLandscapeRight";
				LD_RUNPATH_SEARCH_PATHS = (
					"$(inherited)",
					"@executable_path/Frameworks",
				);
				MARKETING_VERSION = 1.0;
				PRODUCT_BUNDLE_IDENTIFIER = com.objectivechris.Forecast;
				PRODUCT_NAME = "$(TARGET_NAME)";
				SWIFT_EMIT_LOC_STRINGS = YES;
				SWIFT_VERSION = 5.0;
				TARGETED_DEVICE_FAMILY = "1,2";
			};
			name = Release;
		};
		D0B5E96A2AE8191100E0ECD4 /* Debug */ = {
			isa = XCBuildConfiguration;
			buildSettings = {
				BUNDLE_LOADER = "$(TEST_HOST)";
				CODE_SIGN_STYLE = Automatic;
				CURRENT_PROJECT_VERSION = 1;
				DEVELOPMENT_TEAM = L282C3DF98;
				GENERATE_INFOPLIST_FILE = YES;
				MARKETING_VERSION = 1.0;
				PRODUCT_BUNDLE_IDENTIFIER = com.objectivechris.ForecastTests;
				PRODUCT_NAME = "$(TARGET_NAME)";
				SWIFT_EMIT_LOC_STRINGS = NO;
				SWIFT_VERSION = 5.0;
				TARGETED_DEVICE_FAMILY = "1,2";
				TEST_HOST = "$(BUILT_PRODUCTS_DIR)/Forecast.app/$(BUNDLE_EXECUTABLE_FOLDER_PATH)/Forecast";
			};
			name = Debug;
		};
		D0B5E96B2AE8191100E0ECD4 /* Release */ = {
			isa = XCBuildConfiguration;
			buildSettings = {
				BUNDLE_LOADER = "$(TEST_HOST)";
				CODE_SIGN_STYLE = Automatic;
				CURRENT_PROJECT_VERSION = 1;
				DEVELOPMENT_TEAM = L282C3DF98;
				GENERATE_INFOPLIST_FILE = YES;
				MARKETING_VERSION = 1.0;
				PRODUCT_BUNDLE_IDENTIFIER = com.objectivechris.ForecastTests;
				PRODUCT_NAME = "$(TARGET_NAME)";
				SWIFT_EMIT_LOC_STRINGS = NO;
				SWIFT_VERSION = 5.0;
				TARGETED_DEVICE_FAMILY = "1,2";
				TEST_HOST = "$(BUILT_PRODUCTS_DIR)/Forecast.app/$(BUNDLE_EXECUTABLE_FOLDER_PATH)/Forecast";
			};
			name = Release;
		};
/* End XCBuildConfiguration section */

/* Begin XCConfigurationList section */
		D04FBA0F2AE6969B00481D87 /* Build configuration list for PBXProject "Forecast" */ = {
			isa = XCConfigurationList;
			buildConfigurations = (
				D04FBA262AE6969C00481D87 /* Debug */,
				D04FBA272AE6969C00481D87 /* Release */,
			);
			defaultConfigurationIsVisible = 0;
			defaultConfigurationName = Release;
		};
		D04FBA282AE6969C00481D87 /* Build configuration list for PBXNativeTarget "Forecast" */ = {
			isa = XCConfigurationList;
			buildConfigurations = (
				D04FBA292AE6969C00481D87 /* Debug */,
				D04FBA2A2AE6969C00481D87 /* Release */,
			);
			defaultConfigurationIsVisible = 0;
			defaultConfigurationName = Release;
		};
		D0B5E9692AE8191100E0ECD4 /* Build configuration list for PBXNativeTarget "ForecastTests" */ = {
			isa = XCConfigurationList;
			buildConfigurations = (
				D0B5E96A2AE8191100E0ECD4 /* Debug */,
				D0B5E96B2AE8191100E0ECD4 /* Release */,
			);
			defaultConfigurationIsVisible = 0;
			defaultConfigurationName = Release;
		};
/* End XCConfigurationList section */
	};
	rootObject = D04FBA0C2AE6969B00481D87 /* Project object */;
}
